{
  "name": "ntirushwaBrand",
  "lockfileVersion": 3,
  "requires": true,
  "packages": {
    "": {
      "dependencies": {
        "froala-editor": "^4.1.4"
      }
    },
    "node_modules/froala-editor": {
      "version": "4.1.4",
      "resolved": "https://registry.npmjs.org/froala-editor/-/froala-editor-4.1.4.tgz",
      "integrity": "sha512-oWF8SZNtLvfweURV5T0WYO69ZQpB1LQiGO2e6zoYRAlOwmqlW5yqLWfGi0tfn99qOgZ/4dxqBBDxqfOsRCQFiA=="
    }
  }
}
